
Microsoft Visual Studio Solution File, Format Version 12.00
# Visual Studio Version 17
VisualStudioVersion = 17.6.33717.318
MinimumVisualStudioVersion = 10.0.40219.1
Project("{9A19103F-16F7-4668-BE54-9A1E7A4F7556}") = "DaisyPets.UI", "DaisyPets.UI\DaisyPets.UI.csproj", "{9E219A15-A2F2-4139-8EDB-C878488BEFF7}"
EndProject
Project("{9A19103F-16F7-4668-BE54-9A1E7A4F7556}") = "DaisyPets.Core", "DaisyPets.Core\DaisyPets.Core.csproj", "{63E897E7-A072-4803-AA15-8BB0EA5026D8}"
EndProject
Project("{9A19103F-16F7-4668-BE54-9A1E7A4F7556}") = "DaisyPets.Infrastructure", "DaisyPets.Infrastructure\DaisyPets.Infrastructure.csproj", "{021A2111-DF79-4AB7-AB3C-C3FDC85644C7}"
EndProject
Project("{9A19103F-16F7-4668-BE54-9A1E7A4F7556}") = "DaisyPets.WebApi", "DaisyPets.WebApi\DaisyPets.WebApi.csproj", "{24B9C1D2-2230-4082-8CC6-4F025A02C8FD}"
EndProject
Project("{9A19103F-16F7-4668-BE54-9A1E7A4F7556}") = "DaisyPets.Web.Blazor", "DaisyPets.Web.Blazor\DaisyPets.Web.Blazor.csproj", "{CAEA4050-901F-417C-B799-CEA951577016}"
EndProject
Project("{9A19103F-16F7-4668-BE54-9A1E7A4F7556}") = "DaisyPets.Web.React", "DaisyPets.Web.React\DaisyPets.Web.React.csproj", "{D5266F9A-6E0B-4A25-8409-2181F689C5DD}"
EndProject
Global
	GlobalSection(SolutionConfigurationPlatforms) = preSolution
		Debug|Any CPU = Debug|Any CPU
		Release|Any CPU = Release|Any CPU
	EndGlobalSection
	GlobalSection(ProjectConfigurationPlatforms) = postSolution
		{9E219A15-A2F2-4139-8EDB-C878488BEFF7}.Debug|Any CPU.ActiveCfg = Debug|Any CPU
		{9E219A15-A2F2-4139-8EDB-C878488BEFF7}.Debug|Any CPU.Build.0 = Debug|Any CPU
		{9E219A15-A2F2-4139-8EDB-C878488BEFF7}.Release|Any CPU.ActiveCfg = Release|Any CPU
		{9E219A15-A2F2-4139-8EDB-C878488BEFF7}.Release|Any CPU.Build.0 = Release|Any CPU
		{63E897E7-A072-4803-AA15-8BB0EA5026D8}.Debug|Any CPU.ActiveCfg = Debug|Any CPU
		{63E897E7-A072-4803-AA15-8BB0EA5026D8}.Debug|Any CPU.Build.0 = Debug|Any CPU
		{63E897E7-A072-4803-AA15-8BB0EA5026D8}.Release|Any CPU.ActiveCfg = Release|Any CPU
		{63E897E7-A072-4803-AA15-8BB0EA5026D8}.Release|Any CPU.Build.0 = Release|Any CPU
		{021A2111-DF79-4AB7-AB3C-C3FDC85644C7}.Debug|Any CPU.ActiveCfg = Debug|Any CPU
		{021A2111-DF79-4AB7-AB3C-C3FDC85644C7}.Debug|Any CPU.Build.0 = Debug|Any CPU
		{021A2111-DF79-4AB7-AB3C-C3FDC85644C7}.Release|Any CPU.ActiveCfg = Release|Any CPU
		{021A2111-DF79-4AB7-AB3C-C3FDC85644C7}.Release|Any CPU.Build.0 = Release|Any CPU
		{24B9C1D2-2230-4082-8CC6-4F025A02C8FD}.Debug|Any CPU.ActiveCfg = Debug|Any CPU
		{24B9C1D2-2230-4082-8CC6-4F025A02C8FD}.Debug|Any CPU.Build.0 = Debug|Any CPU
		{24B9C1D2-2230-4082-8CC6-4F025A02C8FD}.Release|Any CPU.ActiveCfg = Release|Any CPU
		{24B9C1D2-2230-4082-8CC6-4F025A02C8FD}.Release|Any CPU.Build.0 = Release|Any CPU
		{CAEA4050-901F-417C-B799-CEA951577016}.Debug|Any CPU.ActiveCfg = Debug|Any CPU
		{CAEA4050-901F-417C-B799-CEA951577016}.Debug|Any CPU.Build.0 = Debug|Any CPU
		{CAEA4050-901F-417C-B799-CEA951577016}.Release|Any CPU.ActiveCfg = Release|Any CPU
		{CAEA4050-901F-417C-B799-CEA951577016}.Release|Any CPU.Build.0 = Release|Any CPU
		{D5266F9A-6E0B-4A25-8409-2181F689C5DD}.Debug|Any CPU.ActiveCfg = Debug|Any CPU
		{D5266F9A-6E0B-4A25-8409-2181F689C5DD}.Debug|Any CPU.Build.0 = Debug|Any CPU
		{D5266F9A-6E0B-4A25-8409-2181F689C5DD}.Release|Any CPU.ActiveCfg = Release|Any CPU
		{D5266F9A-6E0B-4A25-8409-2181F689C5DD}.Release|Any CPU.Build.0 = Release|Any CPU
	EndGlobalSection
	GlobalSection(SolutionProperties) = preSolution
		HideSolutionNode = FALSE
	EndGlobalSection
	GlobalSection(ExtensibilityGlobals) = postSolution
		SolutionGuid = {F9F0C2D8-DF6B-4BD6-9506-0B95A81D9634}
	EndGlobalSection
EndGlobal
